
Microsoft Visual Studio Solution File, Format Version 12.00
# Visual Studio 15
VisualStudioVersion = 15.0.28010.2046
MinimumVisualStudioVersion = 10.0.40219.1
Project("{FAE04EC0-301F-11D3-BF4B-00C04F79EFBC}") = "HW5", "HW5\HW5.csproj", "{3FBA11C8-494E-4CA5-A6B8-C0BA4AB88A8A}"
EndProject
Global
	GlobalSection(SolutionConfigurationPlatforms) = preSolution
		Debug|Any CPU = Debug|Any CPU
		Release|Any CPU = Release|Any CPU
	EndGlobalSection
	GlobalSection(ProjectConfigurationPlatforms) = postSolution
		{3FBA11C8-494E-4CA5-A6B8-C0BA4AB88A8A}.Debug|Any CPU.ActiveCfg = Debug|Any CPU
		{3FBA11C8-494E-4CA5-A6B8-C0BA4AB88A8A}.Debug|Any CPU.Build.0 = Debug|Any CPU
		{3FBA11C8-494E-4CA5-A6B8-C0BA4AB88A8A}.Release|Any CPU.ActiveCfg = Release|Any CPU
		{3FBA11C8-494E-4CA5-A6B8-C0BA4AB88A8A}.Release|Any CPU.Build.0 = Release|Any CPU
	EndGlobalSection
	GlobalSection(SolutionProperties) = preSolution
		HideSolutionNode = FALSE
	EndGlobalSection
	GlobalSection(ExtensibilityGlobals) = postSolution
		SolutionGuid = {330C8E25-80B1-4FDE-8438-D938D4B4C292}
	EndGlobalSection
EndGlobal
